{
  "version": 4,
  "terraform_version": "0.12.25",
  "serial": 3,
  "lineage": "93846dd6-e620-e338-ecc4-3cb4a42f2c65",
  "outputs": {},
  "resources": [
    {
      "mode": "managed",
      "type": "digitalocean_droplet",
      "name": "www-1",
      "provider": "provider.digitalocean",
      "instances": [
        {
          "schema_version": 1,
          "attributes": {
            "backups": false,
            "created_at": "2020-06-03T16:17:20Z",
            "disk": 25,
            "id": "194723536",
            "image": "ubuntu-18-04-x64",
            "ipv4_address": "178.128.154.64",
            "ipv4_address_private": "10.116.0.2",
            "ipv6": false,
            "ipv6_address": "",
            "ipv6_address_private": null,
            "locked": false,
            "memory": 1024,
            "monitoring": false,
            "name": "www-1",
            "price_hourly": 0.00744,
            "price_monthly": 5,
            "private_networking": true,
            "region": "nyc1",
            "resize_disk": true,
            "size": "s-1vcpu-1gb",
            "ssh_keys": [
              "62:1e:d4:5a:84:b6:c2:4a:2b:9f:15:e3:92:c9:0f:fa"
            ],
            "status": "active",
            "tags": null,
            "urn": "do:droplet:194723536",
            "user_data": null,
            "vcpus": 1,
            "volume_ids": [],
            "vpc_uuid": "13b3a48e-046d-4c59-88b5-37c30c83d5b1"
          },
          "private": "eyJzY2hlbWFfdmVyc2lvbiI6IjEifQ=="
        }
      ]
    }
  ]
}
